
Microsoft Visual Studio Solution File, Format Version 12.00
# Visual Studio Version 17
VisualStudioVersion = 17.14.36109.1 d17.14
MinimumVisualStudioVersion = 10.0.40219.1
Project("{FAE04EC0-301F-11D3-BF4B-00C04F79EFBC}") = "api1", "api1.csproj", "{D6BDFE33-FF81-41BB-A2FE-A328C0DB3B6B}"
EndProject
Project("{FAE04EC0-301F-11D3-BF4B-00C04F79EFBC}") = "api2", "..\api2\api2.csproj", "{CDF8F4A4-56A9-48BF-94F9-B3168D83677B}"
EndProject
Global
	GlobalSection(SolutionConfigurationPlatforms) = preSolution
		Debug|Any CPU = Debug|Any CPU
		Release|Any CPU = Release|Any CPU
	EndGlobalSection
	GlobalSection(ProjectConfigurationPlatforms) = postSolution
		{D6BDFE33-FF81-41BB-A2FE-A328C0DB3B6B}.Debug|Any CPU.ActiveCfg = Debug|Any CPU
		{D6BDFE33-FF81-41BB-A2FE-A328C0DB3B6B}.Debug|Any CPU.Build.0 = Debug|Any CPU
		{D6BDFE33-FF81-41BB-A2FE-A328C0DB3B6B}.Release|Any CPU.ActiveCfg = Release|Any CPU
		{D6BDFE33-FF81-41BB-A2FE-A328C0DB3B6B}.Release|Any CPU.Build.0 = Release|Any CPU
		{CDF8F4A4-56A9-48BF-94F9-B3168D83677B}.Debug|Any CPU.ActiveCfg = Debug|Any CPU
		{CDF8F4A4-56A9-48BF-94F9-B3168D83677B}.Debug|Any CPU.Build.0 = Debug|Any CPU
		{CDF8F4A4-56A9-48BF-94F9-B3168D83677B}.Release|Any CPU.ActiveCfg = Release|Any CPU
		{CDF8F4A4-56A9-48BF-94F9-B3168D83677B}.Release|Any CPU.Build.0 = Release|Any CPU
	EndGlobalSection
	GlobalSection(SolutionProperties) = preSolution
		HideSolutionNode = FALSE
	EndGlobalSection
	GlobalSection(ExtensibilityGlobals) = postSolution
		SolutionGuid = {9A622AB3-91CC-47BF-868A-0AE01495A1F0}
	EndGlobalSection
EndGlobal
